
Microsoft Visual Studio Solution File, Format Version 12.00
# Visual Studio Version 16
VisualStudioVersion = 16.0.29020.237
MinimumVisualStudioVersion = 10.0.40219.1
Project("{FAE04EC0-301F-11D3-BF4B-00C04F79EFBC}") = "Android_0713", "Android_0713\Android_0713.csproj", "{0DA61915-F6D6-495D-BC84-4D5E8F685026}"
EndProject
Global
	GlobalSection(SolutionConfigurationPlatforms) = preSolution
		Debug|Any CPU = Debug|Any CPU
		Release|Any CPU = Release|Any CPU
	EndGlobalSection
	GlobalSection(ProjectConfigurationPlatforms) = postSolution
		{0DA61915-F6D6-495D-BC84-4D5E8F685026}.Debug|Any CPU.ActiveCfg = Debug|Any CPU
		{0DA61915-F6D6-495D-BC84-4D5E8F685026}.Debug|Any CPU.Build.0 = Debug|Any CPU
		{0DA61915-F6D6-495D-BC84-4D5E8F685026}.Debug|Any CPU.Deploy.0 = Debug|Any CPU
		{0DA61915-F6D6-495D-BC84-4D5E8F685026}.Release|Any CPU.ActiveCfg = Release|Any CPU
		{0DA61915-F6D6-495D-BC84-4D5E8F685026}.Release|Any CPU.Build.0 = Release|Any CPU
		{0DA61915-F6D6-495D-BC84-4D5E8F685026}.Release|Any CPU.Deploy.0 = Release|Any CPU
	EndGlobalSection
	GlobalSection(SolutionProperties) = preSolution
		HideSolutionNode = FALSE
	EndGlobalSection
	GlobalSection(ExtensibilityGlobals) = postSolution
		SolutionGuid = {12ECA5DA-68F0-444B-AE57-DA2FE9DDE813}
	EndGlobalSection
EndGlobal
